{"1.1.0",
[{<<"bson">>,
  {git,"git://github.com/comtihon/bson-erlang",
       {ref,"14308ab927cfa69324742c3de720578094e0bb19"}},
  1},
 {<<"cowboy">>,
  {git,"git://github.com/ninenines/cowboy.git",
       {ref,"28d3515d716d32d1700fa21e904c613c139d4019"}},
  1},
 {<<"cowlib">>,
  {git,"https://github.com/ninenines/cowlib",
       {ref,"56a3fee151340212c1b7a92344e4ece07fc15010"}},
  2},
 {<<"goldrush">>,{pkg,<<"goldrush">>,<<"0.1.9">>},1},
 {<<"ibrowse">>,
  {git,"https://github.com/cmullaparthi/ibrowse.git",
       {ref,"7529807170cf3c8f6a8c5c95526e670420ff591b"}},
  0},
 {<<"jiffy">>,
  {git,"https://github.com/davisp/jiffy.git",
       {ref,"c942525130ff0271bd318715406f234c0dc9bc5a"}},
  0},
 {<<"jsonrpc2">>,
  {git,"https://github.com/zuiderkwast/jsonrpc2-erlang.git",
       {ref,"af98c691d6876fd4e23e367624b8eb65fd6a4ccc"}},
  0},
 {<<"jsx">>,
  {git,"git://github.com/talentdeficit/jsx.git",
       {ref,"56880ce51976693b82c6f56bb877d166d9403d31"}},
  1},
 {<<"lager">>,
  {git,"https://github.com/erlang-lager/lager.git",
       {ref,"d0a9db3b7aff9a46809e037c73a5b6d70db83ab9"}},
  0},
 {<<"mongodb">>,
  {git,"https://github.com/comtihon/mongodb-erlang.git",
       {ref,"bf76ceae546869408e34f3b0f5ab5ed59b9b7da7"}},
  0},
 {<<"pbkdf2">>,
  {git,"git://github.com/comtihon/erlang-pbkdf2.git",
       {ref,"5201a735639496fc595061160117e4ec155d73f5"}},
  1},
 {<<"poolboy">>,
  {git,"git://github.com/comtihon/poolboy.git",
       {ref,"9c06a9ad4e700e0724a2e3c4b44c5f5d51380a0d"}},
  1},
 {<<"ranch">>,
  {git,"https://github.com/ninenines/ranch",
       {ref,"8eaae552ec520605b7f4b0e5943256d2b5e3621c"}},
  2},
 {<<"recon">>,
  {git,"git://github.com/ferd/recon.git",
       {ref,"75d70c7c08926d2f24f1ee6de14ee50fe8a52763"}},
  1},
 {<<"recon_web">>,
  {git,"https://github.com/gulige/recon_web.git",
       {ref,"117c4443f57baa5070c4865a51d46595275c4a7f"}},
  0}]}.
[
{pkg_hash,[
 {<<"goldrush">>, <<"F06E5D5F1277DA5C413E84D5A2924174182FB108DABB39D5EC548B27424CD106">>}]}
].
